
Microsoft Visual Studio Solution File, Format Version 12.00
# Visual Studio Version 16
VisualStudioVersion = 16.0.31025.194
MinimumVisualStudioVersion = 10.0.40219.1
Project("{8BC9CEB8-8B4A-11D0-8D11-00A0C91BC942}") = "打印1000年到2000年之间的闰年", "打印1000年到2000年之间的闰年.vcxproj", "{4322EFC7-D26E-4E2B-A5EA-C0E918A2DB99}"
EndProject
Global
	GlobalSection(SolutionConfigurationPlatforms) = preSolution
		Debug|x64 = Debug|x64
		Debug|x86 = Debug|x86
		Release|x64 = Release|x64
		Release|x86 = Release|x86
	EndGlobalSection
	GlobalSection(ProjectConfigurationPlatforms) = postSolution
		{4322EFC7-D26E-4E2B-A5EA-C0E918A2DB99}.Debug|x64.ActiveCfg = Debug|x64
		{4322EFC7-D26E-4E2B-A5EA-C0E918A2DB99}.Debug|x64.Build.0 = Debug|x64
		{4322EFC7-D26E-4E2B-A5EA-C0E918A2DB99}.Debug|x86.ActiveCfg = Debug|Win32
		{4322EFC7-D26E-4E2B-A5EA-C0E918A2DB99}.Debug|x86.Build.0 = Debug|Win32
		{4322EFC7-D26E-4E2B-A5EA-C0E918A2DB99}.Release|x64.ActiveCfg = Release|x64
		{4322EFC7-D26E-4E2B-A5EA-C0E918A2DB99}.Release|x64.Build.0 = Release|x64
		{4322EFC7-D26E-4E2B-A5EA-C0E918A2DB99}.Release|x86.ActiveCfg = Release|Win32
		{4322EFC7-D26E-4E2B-A5EA-C0E918A2DB99}.Release|x86.Build.0 = Release|Win32
	EndGlobalSection
	GlobalSection(SolutionProperties) = preSolution
		HideSolutionNode = FALSE
	EndGlobalSection
	GlobalSection(ExtensibilityGlobals) = postSolution
		SolutionGuid = {F659EA4B-402D-4103-9E76-72DEB192F4C3}
	EndGlobalSection
EndGlobal
